
Microsoft Visual Studio Solution File, Format Version 12.00
# Visual Studio Version 17
VisualStudioVersion = 17.13.35828.75 d17.13
MinimumVisualStudioVersion = 10.0.40219.1
Project("{FAE04EC0-301F-11D3-BF4B-00C04F79EFBC}") = "BookStore", "BookStore\BookStore.csproj", "{1764005C-CCBF-4399-8D62-80D76B140AA1}"
EndProject
Global
	GlobalSection(SolutionConfigurationPlatforms) = preSolution
		Debug|Any CPU = Debug|Any CPU
		Release|Any CPU = Release|Any CPU
	EndGlobalSection
	GlobalSection(ProjectConfigurationPlatforms) = postSolution
		{1764005C-CCBF-4399-8D62-80D76B140AA1}.Debug|Any CPU.ActiveCfg = Debug|Any CPU
		{1764005C-CCBF-4399-8D62-80D76B140AA1}.Debug|Any CPU.Build.0 = Debug|Any CPU
		{1764005C-CCBF-4399-8D62-80D76B140AA1}.Release|Any CPU.ActiveCfg = Release|Any CPU
		{1764005C-CCBF-4399-8D62-80D76B140AA1}.Release|Any CPU.Build.0 = Release|Any CPU
	EndGlobalSection
	GlobalSection(SolutionProperties) = preSolution
		HideSolutionNode = FALSE
	EndGlobalSection
	GlobalSection(ExtensibilityGlobals) = postSolution
		SolutionGuid = {9791B91D-8FA6-45E0-B86D-E8B004DE0B60}
	EndGlobalSection
EndGlobal
